
Microsoft Visual Studio Solution File, Format Version 12.00
# Visual Studio 15
Project("{FAE04EC0-301F-11D3-BF4B-00C04F79EFBC}") = "副テーマ　試作", "Assembly-CSharp.csproj", "{EABA5B5F-D870-CED3-09E9-DFD42546B529}"
EndProject
Project("{FAE04EC0-301F-11D3-BF4B-00C04F79EFBC}") = "副テーマ　試作", "Assembly-CSharp-Editor.csproj", "{2011C10C-E15D-62E7-F679-4CB81AE4AAF5}"
EndProject
Global
	GlobalSection(SolutionConfigurationPlatforms) = preSolution
		Debug|Any CPU = Debug|Any CPU
		Release|Any CPU = Release|Any CPU
	EndGlobalSection
	GlobalSection(ProjectConfigurationPlatforms) = postSolution
		{EABA5B5F-D870-CED3-09E9-DFD42546B529}.Debug|Any CPU.ActiveCfg = Debug|Any CPU
		{EABA5B5F-D870-CED3-09E9-DFD42546B529}.Debug|Any CPU.Build.0 = Debug|Any CPU
		{EABA5B5F-D870-CED3-09E9-DFD42546B529}.Release|Any CPU.ActiveCfg = Release|Any CPU
		{EABA5B5F-D870-CED3-09E9-DFD42546B529}.Release|Any CPU.Build.0 = Release|Any CPU
		{2011C10C-E15D-62E7-F679-4CB81AE4AAF5}.Debug|Any CPU.ActiveCfg = Debug|Any CPU
		{2011C10C-E15D-62E7-F679-4CB81AE4AAF5}.Debug|Any CPU.Build.0 = Debug|Any CPU
		{2011C10C-E15D-62E7-F679-4CB81AE4AAF5}.Release|Any CPU.ActiveCfg = Release|Any CPU
		{2011C10C-E15D-62E7-F679-4CB81AE4AAF5}.Release|Any CPU.Build.0 = Release|Any CPU
	EndGlobalSection
	GlobalSection(SolutionProperties) = preSolution
		HideSolutionNode = FALSE
	EndGlobalSection
EndGlobal
